
Microsoft Visual Studio Solution File, Format Version 12.00
# Visual Studio Version 17
VisualStudioVersion = 17.4.33403.182
MinimumVisualStudioVersion = 10.0.40219.1
Project("{FAE04EC0-301F-11D3-BF4B-00C04F79EFBC}") = "lab1.3", "lab1.3\lab1.3.csproj", "{E1C520F9-2776-49D4-9429-2925BE11BE59}"
EndProject
Project("{8BC9CEB8-8B4A-11D0-8D11-00A0C91BC942}") = "lab1.3++", "lab1.3++\lab1.3++.vcxproj", "{344A19F3-2C87-4BA0-A658-64E430BA6ED2}"
EndProject
Global
	GlobalSection(SolutionConfigurationPlatforms) = preSolution
		Debug|Any CPU = Debug|Any CPU
		Debug|x64 = Debug|x64
		Debug|x86 = Debug|x86
		Release|Any CPU = Release|Any CPU
		Release|x64 = Release|x64
		Release|x86 = Release|x86
	EndGlobalSection
	GlobalSection(ProjectConfigurationPlatforms) = postSolution
		{E1C520F9-2776-49D4-9429-2925BE11BE59}.Debug|Any CPU.ActiveCfg = Debug|Any CPU
		{E1C520F9-2776-49D4-9429-2925BE11BE59}.Debug|Any CPU.Build.0 = Debug|Any CPU
		{E1C520F9-2776-49D4-9429-2925BE11BE59}.Debug|x64.ActiveCfg = Debug|Any CPU
		{E1C520F9-2776-49D4-9429-2925BE11BE59}.Debug|x64.Build.0 = Debug|Any CPU
		{E1C520F9-2776-49D4-9429-2925BE11BE59}.Debug|x86.ActiveCfg = Debug|Any CPU
		{E1C520F9-2776-49D4-9429-2925BE11BE59}.Debug|x86.Build.0 = Debug|Any CPU
		{E1C520F9-2776-49D4-9429-2925BE11BE59}.Release|Any CPU.ActiveCfg = Release|Any CPU
		{E1C520F9-2776-49D4-9429-2925BE11BE59}.Release|Any CPU.Build.0 = Release|Any CPU
		{E1C520F9-2776-49D4-9429-2925BE11BE59}.Release|x64.ActiveCfg = Release|Any CPU
		{E1C520F9-2776-49D4-9429-2925BE11BE59}.Release|x64.Build.0 = Release|Any CPU
		{E1C520F9-2776-49D4-9429-2925BE11BE59}.Release|x86.ActiveCfg = Release|Any CPU
		{E1C520F9-2776-49D4-9429-2925BE11BE59}.Release|x86.Build.0 = Release|Any CPU
		{344A19F3-2C87-4BA0-A658-64E430BA6ED2}.Debug|Any CPU.ActiveCfg = Debug|x64
		{344A19F3-2C87-4BA0-A658-64E430BA6ED2}.Debug|Any CPU.Build.0 = Debug|x64
		{344A19F3-2C87-4BA0-A658-64E430BA6ED2}.Debug|x64.ActiveCfg = Debug|x64
		{344A19F3-2C87-4BA0-A658-64E430BA6ED2}.Debug|x64.Build.0 = Debug|x64
		{344A19F3-2C87-4BA0-A658-64E430BA6ED2}.Debug|x86.ActiveCfg = Debug|Win32
		{344A19F3-2C87-4BA0-A658-64E430BA6ED2}.Debug|x86.Build.0 = Debug|Win32
		{344A19F3-2C87-4BA0-A658-64E430BA6ED2}.Release|Any CPU.ActiveCfg = Release|x64
		{344A19F3-2C87-4BA0-A658-64E430BA6ED2}.Release|Any CPU.Build.0 = Release|x64
		{344A19F3-2C87-4BA0-A658-64E430BA6ED2}.Release|x64.ActiveCfg = Release|x64
		{344A19F3-2C87-4BA0-A658-64E430BA6ED2}.Release|x64.Build.0 = Release|x64
		{344A19F3-2C87-4BA0-A658-64E430BA6ED2}.Release|x86.ActiveCfg = Release|Win32
		{344A19F3-2C87-4BA0-A658-64E430BA6ED2}.Release|x86.Build.0 = Release|Win32
	EndGlobalSection
	GlobalSection(SolutionProperties) = preSolution
		HideSolutionNode = FALSE
	EndGlobalSection
	GlobalSection(ExtensibilityGlobals) = postSolution
		SolutionGuid = {7D813371-3EB7-41DF-B85E-712B89CE8357}
	EndGlobalSection
EndGlobal
